
Microsoft Visual Studio Solution File, Format Version 12.00
# Visual Studio Version 16
VisualStudioVersion = 16.0.28922.388
MinimumVisualStudioVersion = 10.0.40219.1
Project("{FAE04EC0-301F-11D3-BF4B-00C04F79EFBC}") = "SparkBot", "SparkBot\SparkBot.csproj", "{A2B77FCB-E985-4115-B8EF-07D6EB542C9E}"
EndProject
Global
	GlobalSection(SolutionConfigurationPlatforms) = preSolution
		Debug|Any CPU = Debug|Any CPU
		Release|Any CPU = Release|Any CPU
	EndGlobalSection
	GlobalSection(ProjectConfigurationPlatforms) = postSolution
		{A2B77FCB-E985-4115-B8EF-07D6EB542C9E}.Debug|Any CPU.ActiveCfg = Debug|Any CPU
		{A2B77FCB-E985-4115-B8EF-07D6EB542C9E}.Debug|Any CPU.Build.0 = Debug|Any CPU
		{A2B77FCB-E985-4115-B8EF-07D6EB542C9E}.Release|Any CPU.ActiveCfg = Release|Any CPU
		{A2B77FCB-E985-4115-B8EF-07D6EB542C9E}.Release|Any CPU.Build.0 = Release|Any CPU
	EndGlobalSection
	GlobalSection(SolutionProperties) = preSolution
		HideSolutionNode = FALSE
	EndGlobalSection
	GlobalSection(ExtensibilityGlobals) = postSolution
		SolutionGuid = {BED7A37A-F44F-48A9-BF7C-DF835EC5FC41}
	EndGlobalSection
EndGlobal
